
Microsoft Visual Studio Solution File, Format Version 12.00
# Visual Studio 2013
VisualStudioVersion = 12.0.21005.1
MinimumVisualStudioVersion = 10.0.40219.1
Project("{FAE04EC0-301F-11D3-BF4B-00C04F79EFBC}") = "Service", "Service\Service.csproj", "{90AAEA9F-2AB5-4FB3-8B66-C1D0EB67C853}"
EndProject
Project("{FAE04EC0-301F-11D3-BF4B-00C04F79EFBC}") = "Data", "Data\Data.csproj", "{B38380C0-82E7-477B-A695-226430D98682}"
EndProject
Project("{FAE04EC0-301F-11D3-BF4B-00C04F79EFBC}") = "Template", "Template\Template.csproj", "{8C23A529-6240-42F7-8323-9EFC756901AB}"
EndProject
Project("{FAE04EC0-301F-11D3-BF4B-00C04F79EFBC}") = "ViewModel", "ViewModel\ViewModel.csproj", "{F5A3FD64-2097-4574-9121-AFD450586514}"
EndProject
Project("{FAE04EC0-301F-11D3-BF4B-00C04F79EFBC}") = "Repository", "Repository\Repository.csproj", "{6904125A-D93D-4734-8B6A-BC419F230CB5}"
EndProject
Project("{FAE04EC0-301F-11D3-BF4B-00C04F79EFBC}") = "Library", "Library\Library.csproj", "{770E7F1A-0E34-4069-B90F-997E3CD1B9C3}"
EndProject
Project("{FAE04EC0-301F-11D3-BF4B-00C04F79EFBC}") = "IService", "IService\IService.csproj", "{FE0A90AB-F7DA-4F95-9A5C-21B558F86240}"
EndProject
Project("{FAE04EC0-301F-11D3-BF4B-00C04F79EFBC}") = "IRepository", "IRepository\IRepository.csproj", "{15F92CA3-7AA4-48CF-8C96-0F7FC3E2CFE2}"
EndProject
Project("{FAE04EC0-301F-11D3-BF4B-00C04F79EFBC}") = "Entity", "Entity\Entity.csproj", "{3CF421B8-1785-49DA-85D6-83902865EE0B}"
EndProject
Project("{2150E333-8FDC-42A3-9474-1A3956D46DE8}") = "Service", "Service", "{6A6492EE-C746-4532-9C4B-60AEB4E957EF}"
EndProject
Project("{2150E333-8FDC-42A3-9474-1A3956D46DE8}") = "Repository", "Repository", "{EF0B1CC7-17C0-4CC4-85DA-09ECA8825E54}"
EndProject
Project("{2150E333-8FDC-42A3-9474-1A3956D46DE8}") = "Model", "Model", "{A5A24703-69DE-4D9F-9331-81D3C8BDC58D}"
EndProject
Project("{FAE04EC0-301F-11D3-BF4B-00C04F79EFBC}") = "Application", "Application\Application.csproj", "{52C0B961-9D01-40CA-8C7D-8CB6DA3E453D}"
EndProject
Global
	GlobalSection(SolutionConfigurationPlatforms) = preSolution
		Debug|Any CPU = Debug|Any CPU
		Release|Any CPU = Release|Any CPU
	EndGlobalSection
	GlobalSection(ProjectConfigurationPlatforms) = postSolution
		{90AAEA9F-2AB5-4FB3-8B66-C1D0EB67C853}.Debug|Any CPU.ActiveCfg = Debug|Any CPU
		{90AAEA9F-2AB5-4FB3-8B66-C1D0EB67C853}.Debug|Any CPU.Build.0 = Debug|Any CPU
		{90AAEA9F-2AB5-4FB3-8B66-C1D0EB67C853}.Release|Any CPU.ActiveCfg = Release|Any CPU
		{90AAEA9F-2AB5-4FB3-8B66-C1D0EB67C853}.Release|Any CPU.Build.0 = Release|Any CPU
		{B38380C0-82E7-477B-A695-226430D98682}.Debug|Any CPU.ActiveCfg = Debug|Any CPU
		{B38380C0-82E7-477B-A695-226430D98682}.Debug|Any CPU.Build.0 = Debug|Any CPU
		{B38380C0-82E7-477B-A695-226430D98682}.Release|Any CPU.ActiveCfg = Release|Any CPU
		{B38380C0-82E7-477B-A695-226430D98682}.Release|Any CPU.Build.0 = Release|Any CPU
		{8C23A529-6240-42F7-8323-9EFC756901AB}.Debug|Any CPU.ActiveCfg = Debug|Any CPU
		{8C23A529-6240-42F7-8323-9EFC756901AB}.Debug|Any CPU.Build.0 = Debug|Any CPU
		{8C23A529-6240-42F7-8323-9EFC756901AB}.Release|Any CPU.ActiveCfg = Release|Any CPU
		{8C23A529-6240-42F7-8323-9EFC756901AB}.Release|Any CPU.Build.0 = Release|Any CPU
		{F5A3FD64-2097-4574-9121-AFD450586514}.Debug|Any CPU.ActiveCfg = Debug|Any CPU
		{F5A3FD64-2097-4574-9121-AFD450586514}.Debug|Any CPU.Build.0 = Debug|Any CPU
		{F5A3FD64-2097-4574-9121-AFD450586514}.Release|Any CPU.ActiveCfg = Release|Any CPU
		{F5A3FD64-2097-4574-9121-AFD450586514}.Release|Any CPU.Build.0 = Release|Any CPU
		{6904125A-D93D-4734-8B6A-BC419F230CB5}.Debug|Any CPU.ActiveCfg = Debug|Any CPU
		{6904125A-D93D-4734-8B6A-BC419F230CB5}.Debug|Any CPU.Build.0 = Debug|Any CPU
		{6904125A-D93D-4734-8B6A-BC419F230CB5}.Release|Any CPU.ActiveCfg = Release|Any CPU
		{6904125A-D93D-4734-8B6A-BC419F230CB5}.Release|Any CPU.Build.0 = Release|Any CPU
		{770E7F1A-0E34-4069-B90F-997E3CD1B9C3}.Debug|Any CPU.ActiveCfg = Debug|Any CPU
		{770E7F1A-0E34-4069-B90F-997E3CD1B9C3}.Debug|Any CPU.Build.0 = Debug|Any CPU
		{770E7F1A-0E34-4069-B90F-997E3CD1B9C3}.Release|Any CPU.ActiveCfg = Release|Any CPU
		{770E7F1A-0E34-4069-B90F-997E3CD1B9C3}.Release|Any CPU.Build.0 = Release|Any CPU
		{FE0A90AB-F7DA-4F95-9A5C-21B558F86240}.Debug|Any CPU.ActiveCfg = Debug|Any CPU
		{FE0A90AB-F7DA-4F95-9A5C-21B558F86240}.Debug|Any CPU.Build.0 = Debug|Any CPU
		{FE0A90AB-F7DA-4F95-9A5C-21B558F86240}.Release|Any CPU.ActiveCfg = Release|Any CPU
		{FE0A90AB-F7DA-4F95-9A5C-21B558F86240}.Release|Any CPU.Build.0 = Release|Any CPU
		{15F92CA3-7AA4-48CF-8C96-0F7FC3E2CFE2}.Debug|Any CPU.ActiveCfg = Debug|Any CPU
		{15F92CA3-7AA4-48CF-8C96-0F7FC3E2CFE2}.Debug|Any CPU.Build.0 = Debug|Any CPU
		{15F92CA3-7AA4-48CF-8C96-0F7FC3E2CFE2}.Release|Any CPU.ActiveCfg = Release|Any CPU
		{15F92CA3-7AA4-48CF-8C96-0F7FC3E2CFE2}.Release|Any CPU.Build.0 = Release|Any CPU
		{3CF421B8-1785-49DA-85D6-83902865EE0B}.Debug|Any CPU.ActiveCfg = Debug|Any CPU
		{3CF421B8-1785-49DA-85D6-83902865EE0B}.Debug|Any CPU.Build.0 = Debug|Any CPU
		{3CF421B8-1785-49DA-85D6-83902865EE0B}.Release|Any CPU.ActiveCfg = Release|Any CPU
		{3CF421B8-1785-49DA-85D6-83902865EE0B}.Release|Any CPU.Build.0 = Release|Any CPU
		{52C0B961-9D01-40CA-8C7D-8CB6DA3E453D}.Debug|Any CPU.ActiveCfg = Debug|Any CPU
		{52C0B961-9D01-40CA-8C7D-8CB6DA3E453D}.Debug|Any CPU.Build.0 = Debug|Any CPU
		{52C0B961-9D01-40CA-8C7D-8CB6DA3E453D}.Release|Any CPU.ActiveCfg = Release|Any CPU
		{52C0B961-9D01-40CA-8C7D-8CB6DA3E453D}.Release|Any CPU.Build.0 = Release|Any CPU
	EndGlobalSection
	GlobalSection(SolutionProperties) = preSolution
		HideSolutionNode = FALSE
	EndGlobalSection
	GlobalSection(NestedProjects) = preSolution
		{FE0A90AB-F7DA-4F95-9A5C-21B558F86240} = {6A6492EE-C746-4532-9C4B-60AEB4E957EF}
		{90AAEA9F-2AB5-4FB3-8B66-C1D0EB67C853} = {6A6492EE-C746-4532-9C4B-60AEB4E957EF}
		{3CF421B8-1785-49DA-85D6-83902865EE0B} = {A5A24703-69DE-4D9F-9331-81D3C8BDC58D}
		{F5A3FD64-2097-4574-9121-AFD450586514} = {A5A24703-69DE-4D9F-9331-81D3C8BDC58D}
		{15F92CA3-7AA4-48CF-8C96-0F7FC3E2CFE2} = {EF0B1CC7-17C0-4CC4-85DA-09ECA8825E54}
		{6904125A-D93D-4734-8B6A-BC419F230CB5} = {EF0B1CC7-17C0-4CC4-85DA-09ECA8825E54}
	EndGlobalSection
EndGlobal
